
Microsoft Visual Studio Solution File, Format Version 12.00
# Visual Studio Version 17
VisualStudioVersion = 17.0.31903.59
MinimumVisualStudioVersion = 10.0.40219.1
Project("{FAE04EC0-301F-11D3-BF4B-00C04F79EFBC}") = "LaserTag.Client", "LaserTag.Client\LaserTag.Client.csproj", "{44B8285B-9D6F-4EA6-B3B8-D92DB5A9A088}"
EndProject
Project("{FAE04EC0-301F-11D3-BF4B-00C04F79EFBC}") = "LaserTag.Client.Tests", "LaserTag.Client.Tests\LaserTag.Client.Tests.csproj", "{DFC23290-6E46-4696-89F5-6C849F98F39E}"
EndProject
Project("{FAE04EC0-301F-11D3-BF4B-00C04F79EFBC}") = "LaserTag.Smoke", "LaserTag.Smoke\LaserTag.Smoke.csproj", "{F5DFB23B-8BC7-4AB2-B2AE-A0926857B9AA}"
EndProject
Project("{FAE04EC0-301F-11D3-BF4B-00C04F79EFBC}") = "LaserTag.Game", "LaserTag.Game\LaserTag.Game.csproj", "{039346BC-574E-4AC3-B2D9-49D9FDD6E29D}"
EndProject
Project("{FAE04EC0-301F-11D3-BF4B-00C04F79EFBC}") = "LaserTag.Game.Tests", "LaserTag.Game.Tests\LaserTag.Game.Tests.csproj", "{BD4A354E-B636-47B5-BC97-8E46A3BF3268}"
EndProject
Project("{FAE04EC0-301F-11D3-BF4B-00C04F79EFBC}") = "LaserTag.Host", "LaserTag.Host\LaserTag.Host.csproj", "{05039041-6A68-4F5F-A90C-38FB000DBDB4}"
EndProject
Project("{FAE04EC0-301F-11D3-BF4B-00C04F79EFBC}") = "LaserTag.Rf", "LaserTag.Rf\LaserTag.Rf.csproj", "{79536D45-3FA7-4B9F-853D-4DF37B2BC1C8}"
EndProject
Project("{FAE04EC0-301F-11D3-BF4B-00C04F79EFBC}") = "LaserTag.Rf.Tests", "LaserTag.Rf.Tests\LaserTag.Rf.Tests.csproj", "{FE45C8ED-0AE8-43E3-B652-5404D29A8F49}"
EndProject
Project("{FAE04EC0-301F-11D3-BF4B-00C04F79EFBC}") = "LaserTag.Ui", "LaserTag.Ui\LaserTag.Ui.csproj", "{A3732998-7D0D-4782-8E5D-8F4E5C67A2A2}"
EndProject
Project("{FAE04EC0-301F-11D3-BF4B-00C04F79EFBC}") = "LaserTag.Runtime", "LaserTag.Runtime\LaserTag.Runtime.csproj", "{B755233B-BD78-4D78-89F5-A463247D69CD}"
EndProject
Project("{FAE04EC0-301F-11D3-BF4B-00C04F79EFBC}") = "LaserTag.Web", "LaserTag.Web\LaserTag.Web.csproj", "{578056AF-0BE2-4ABF-A662-893F9DE7DCD1}"
EndProject
Project("{FAE04EC0-301F-11D3-BF4B-00C04F79EFBC}") = "LaserTag.App", "LaserTag.App\LaserTag.App.csproj", "{84A5E3D3-228F-44AA-BEFB-5675024F5C7B}"
EndProject
Project("{FAE04EC0-301F-11D3-BF4B-00C04F79EFBC}") = "LaserTag.Ui.Tests", "LaserTag.Ui.Tests\LaserTag.Ui.Tests.csproj", "{083DA96A-7F64-4EB5-AEB5-3B4B454AFA97}"
EndProject
Project("{FAE04EC0-301F-11D3-BF4B-00C04F79EFBC}") = "LaserTag.Web.Tests", "LaserTag.Web.Tests\LaserTag.Web.Tests.csproj", "{84DFAC42-2BB2-49E0-AA0B-778C8161255C}"
EndProject
Global
	GlobalSection(SolutionConfigurationPlatforms) = preSolution
		Debug|Any CPU = Debug|Any CPU
		Debug|x64 = Debug|x64
		Debug|x86 = Debug|x86
		Release|Any CPU = Release|Any CPU
		Release|x64 = Release|x64
		Release|x86 = Release|x86
	EndGlobalSection
	GlobalSection(ProjectConfigurationPlatforms) = postSolution
		{44B8285B-9D6F-4EA6-B3B8-D92DB5A9A088}.Debug|Any CPU.ActiveCfg = Debug|Any CPU
		{44B8285B-9D6F-4EA6-B3B8-D92DB5A9A088}.Debug|Any CPU.Build.0 = Debug|Any CPU
		{44B8285B-9D6F-4EA6-B3B8-D92DB5A9A088}.Debug|x64.ActiveCfg = Debug|Any CPU
		{44B8285B-9D6F-4EA6-B3B8-D92DB5A9A088}.Debug|x64.Build.0 = Debug|Any CPU
		{44B8285B-9D6F-4EA6-B3B8-D92DB5A9A088}.Debug|x86.ActiveCfg = Debug|Any CPU
		{44B8285B-9D6F-4EA6-B3B8-D92DB5A9A088}.Debug|x86.Build.0 = Debug|Any CPU
		{44B8285B-9D6F-4EA6-B3B8-D92DB5A9A088}.Release|Any CPU.ActiveCfg = Release|Any CPU
		{44B8285B-9D6F-4EA6-B3B8-D92DB5A9A088}.Release|Any CPU.Build.0 = Release|Any CPU
		{44B8285B-9D6F-4EA6-B3B8-D92DB5A9A088}.Release|x64.ActiveCfg = Release|Any CPU
		{44B8285B-9D6F-4EA6-B3B8-D92DB5A9A088}.Release|x64.Build.0 = Release|Any CPU
		{44B8285B-9D6F-4EA6-B3B8-D92DB5A9A088}.Release|x86.ActiveCfg = Release|Any CPU
		{44B8285B-9D6F-4EA6-B3B8-D92DB5A9A088}.Release|x86.Build.0 = Release|Any CPU
		{DFC23290-6E46-4696-89F5-6C849F98F39E}.Debug|Any CPU.ActiveCfg = Debug|Any CPU
		{DFC23290-6E46-4696-89F5-6C849F98F39E}.Debug|Any CPU.Build.0 = Debug|Any CPU
		{DFC23290-6E46-4696-89F5-6C849F98F39E}.Debug|x64.ActiveCfg = Debug|Any CPU
		{DFC23290-6E46-4696-89F5-6C849F98F39E}.Debug|x64.Build.0 = Debug|Any CPU
		{DFC23290-6E46-4696-89F5-6C849F98F39E}.Debug|x86.ActiveCfg = Debug|Any CPU
		{DFC23290-6E46-4696-89F5-6C849F98F39E}.Debug|x86.Build.0 = Debug|Any CPU
		{DFC23290-6E46-4696-89F5-6C849F98F39E}.Release|Any CPU.ActiveCfg = Release|Any CPU
		{DFC23290-6E46-4696-89F5-6C849F98F39E}.Release|Any CPU.Build.0 = Release|Any CPU
		{DFC23290-6E46-4696-89F5-6C849F98F39E}.Release|x64.ActiveCfg = Release|Any CPU
		{DFC23290-6E46-4696-89F5-6C849F98F39E}.Release|x64.Build.0 = Release|Any CPU
		{DFC23290-6E46-4696-89F5-6C849F98F39E}.Release|x86.ActiveCfg = Release|Any CPU
		{DFC23290-6E46-4696-89F5-6C849F98F39E}.Release|x86.Build.0 = Release|Any CPU
		{F5DFB23B-8BC7-4AB2-B2AE-A0926857B9AA}.Debug|Any CPU.ActiveCfg = Debug|Any CPU
		{F5DFB23B-8BC7-4AB2-B2AE-A0926857B9AA}.Debug|Any CPU.Build.0 = Debug|Any CPU
		{F5DFB23B-8BC7-4AB2-B2AE-A0926857B9AA}.Debug|x64.ActiveCfg = Debug|Any CPU
		{F5DFB23B-8BC7-4AB2-B2AE-A0926857B9AA}.Debug|x64.Build.0 = Debug|Any CPU
		{F5DFB23B-8BC7-4AB2-B2AE-A0926857B9AA}.Debug|x86.ActiveCfg = Debug|Any CPU
		{F5DFB23B-8BC7-4AB2-B2AE-A0926857B9AA}.Debug|x86.Build.0 = Debug|Any CPU
		{F5DFB23B-8BC7-4AB2-B2AE-A0926857B9AA}.Release|Any CPU.ActiveCfg = Release|Any CPU
		{F5DFB23B-8BC7-4AB2-B2AE-A0926857B9AA}.Release|Any CPU.Build.0 = Release|Any CPU
		{F5DFB23B-8BC7-4AB2-B2AE-A0926857B9AA}.Release|x64.ActiveCfg = Release|Any CPU
		{F5DFB23B-8BC7-4AB2-B2AE-A0926857B9AA}.Release|x64.Build.0 = Release|Any CPU
		{F5DFB23B-8BC7-4AB2-B2AE-A0926857B9AA}.Release|x86.ActiveCfg = Release|Any CPU
		{F5DFB23B-8BC7-4AB2-B2AE-A0926857B9AA}.Release|x86.Build.0 = Release|Any CPU
		{039346BC-574E-4AC3-B2D9-49D9FDD6E29D}.Debug|Any CPU.ActiveCfg = Debug|Any CPU
		{039346BC-574E-4AC3-B2D9-49D9FDD6E29D}.Debug|Any CPU.Build.0 = Debug|Any CPU
		{039346BC-574E-4AC3-B2D9-49D9FDD6E29D}.Debug|x64.ActiveCfg = Debug|Any CPU
		{039346BC-574E-4AC3-B2D9-49D9FDD6E29D}.Debug|x64.Build.0 = Debug|Any CPU
		{039346BC-574E-4AC3-B2D9-49D9FDD6E29D}.Debug|x86.ActiveCfg = Debug|Any CPU
		{039346BC-574E-4AC3-B2D9-49D9FDD6E29D}.Debug|x86.Build.0 = Debug|Any CPU
		{039346BC-574E-4AC3-B2D9-49D9FDD6E29D}.Release|Any CPU.ActiveCfg = Release|Any CPU
		{039346BC-574E-4AC3-B2D9-49D9FDD6E29D}.Release|Any CPU.Build.0 = Release|Any CPU
		{039346BC-574E-4AC3-B2D9-49D9FDD6E29D}.Release|x64.ActiveCfg = Release|Any CPU
		{039346BC-574E-4AC3-B2D9-49D9FDD6E29D}.Release|x64.Build.0 = Release|Any CPU
		{039346BC-574E-4AC3-B2D9-49D9FDD6E29D}.Release|x86.ActiveCfg = Release|Any CPU
		{039346BC-574E-4AC3-B2D9-49D9FDD6E29D}.Release|x86.Build.0 = Release|Any CPU
		{BD4A354E-B636-47B5-BC97-8E46A3BF3268}.Debug|Any CPU.ActiveCfg = Debug|Any CPU
		{BD4A354E-B636-47B5-BC97-8E46A3BF3268}.Debug|Any CPU.Build.0 = Debug|Any CPU
		{BD4A354E-B636-47B5-BC97-8E46A3BF3268}.Debug|x64.ActiveCfg = Debug|Any CPU
		{BD4A354E-B636-47B5-BC97-8E46A3BF3268}.Debug|x64.Build.0 = Debug|Any CPU
		{BD4A354E-B636-47B5-BC97-8E46A3BF3268}.Debug|x86.ActiveCfg = Debug|Any CPU
		{BD4A354E-B636-47B5-BC97-8E46A3BF3268}.Debug|x86.Build.0 = Debug|Any CPU
		{BD4A354E-B636-47B5-BC97-8E46A3BF3268}.Release|Any CPU.ActiveCfg = Release|Any CPU
		{BD4A354E-B636-47B5-BC97-8E46A3BF3268}.Release|Any CPU.Build.0 = Release|Any CPU
		{BD4A354E-B636-47B5-BC97-8E46A3BF3268}.Release|x64.ActiveCfg = Release|Any CPU
		{BD4A354E-B636-47B5-BC97-8E46A3BF3268}.Release|x64.Build.0 = Release|Any CPU
		{BD4A354E-B636-47B5-BC97-8E46A3BF3268}.Release|x86.ActiveCfg = Release|Any CPU
		{BD4A354E-B636-47B5-BC97-8E46A3BF3268}.Release|x86.Build.0 = Release|Any CPU
		{05039041-6A68-4F5F-A90C-38FB000DBDB4}.Debug|Any CPU.ActiveCfg = Debug|Any CPU
		{05039041-6A68-4F5F-A90C-38FB000DBDB4}.Debug|Any CPU.Build.0 = Debug|Any CPU
		{05039041-6A68-4F5F-A90C-38FB000DBDB4}.Debug|x64.ActiveCfg = Debug|Any CPU
		{05039041-6A68-4F5F-A90C-38FB000DBDB4}.Debug|x64.Build.0 = Debug|Any CPU
		{05039041-6A68-4F5F-A90C-38FB000DBDB4}.Debug|x86.ActiveCfg = Debug|Any CPU
		{05039041-6A68-4F5F-A90C-38FB000DBDB4}.Debug|x86.Build.0 = Debug|Any CPU
		{05039041-6A68-4F5F-A90C-38FB000DBDB4}.Release|Any CPU.ActiveCfg = Release|Any CPU
		{05039041-6A68-4F5F-A90C-38FB000DBDB4}.Release|Any CPU.Build.0 = Release|Any CPU
		{05039041-6A68-4F5F-A90C-38FB000DBDB4}.Release|x64.ActiveCfg = Release|Any CPU
		{05039041-6A68-4F5F-A90C-38FB000DBDB4}.Release|x64.Build.0 = Release|Any CPU
		{05039041-6A68-4F5F-A90C-38FB000DBDB4}.Release|x86.ActiveCfg = Release|Any CPU
		{05039041-6A68-4F5F-A90C-38FB000DBDB4}.Release|x86.Build.0 = Release|Any CPU
		{79536D45-3FA7-4B9F-853D-4DF37B2BC1C8}.Debug|Any CPU.ActiveCfg = Debug|Any CPU
		{79536D45-3FA7-4B9F-853D-4DF37B2BC1C8}.Debug|Any CPU.Build.0 = Debug|Any CPU
		{79536D45-3FA7-4B9F-853D-4DF37B2BC1C8}.Debug|x64.ActiveCfg = Debug|Any CPU
		{79536D45-3FA7-4B9F-853D-4DF37B2BC1C8}.Debug|x64.Build.0 = Debug|Any CPU
		{79536D45-3FA7-4B9F-853D-4DF37B2BC1C8}.Debug|x86.ActiveCfg = Debug|Any CPU
		{79536D45-3FA7-4B9F-853D-4DF37B2BC1C8}.Debug|x86.Build.0 = Debug|Any CPU
		{79536D45-3FA7-4B9F-853D-4DF37B2BC1C8}.Release|Any CPU.ActiveCfg = Release|Any CPU
		{79536D45-3FA7-4B9F-853D-4DF37B2BC1C8}.Release|Any CPU.Build.0 = Release|Any CPU
		{79536D45-3FA7-4B9F-853D-4DF37B2BC1C8}.Release|x64.ActiveCfg = Release|Any CPU
		{79536D45-3FA7-4B9F-853D-4DF37B2BC1C8}.Release|x64.Build.0 = Release|Any CPU
		{79536D45-3FA7-4B9F-853D-4DF37B2BC1C8}.Release|x86.ActiveCfg = Release|Any CPU
		{79536D45-3FA7-4B9F-853D-4DF37B2BC1C8}.Release|x86.Build.0 = Release|Any CPU
		{FE45C8ED-0AE8-43E3-B652-5404D29A8F49}.Debug|Any CPU.ActiveCfg = Debug|Any CPU
		{FE45C8ED-0AE8-43E3-B652-5404D29A8F49}.Debug|Any CPU.Build.0 = Debug|Any CPU
		{FE45C8ED-0AE8-43E3-B652-5404D29A8F49}.Debug|x64.ActiveCfg = Debug|Any CPU
		{FE45C8ED-0AE8-43E3-B652-5404D29A8F49}.Debug|x64.Build.0 = Debug|Any CPU
		{FE45C8ED-0AE8-43E3-B652-5404D29A8F49}.Debug|x86.ActiveCfg = Debug|Any CPU
		{FE45C8ED-0AE8-43E3-B652-5404D29A8F49}.Debug|x86.Build.0 = Debug|Any CPU
		{FE45C8ED-0AE8-43E3-B652-5404D29A8F49}.Release|Any CPU.ActiveCfg = Release|Any CPU
		{FE45C8ED-0AE8-43E3-B652-5404D29A8F49}.Release|Any CPU.Build.0 = Release|Any CPU
		{FE45C8ED-0AE8-43E3-B652-5404D29A8F49}.Release|x64.ActiveCfg = Release|Any CPU
		{FE45C8ED-0AE8-43E3-B652-5404D29A8F49}.Release|x64.Build.0 = Release|Any CPU
		{FE45C8ED-0AE8-43E3-B652-5404D29A8F49}.Release|x86.ActiveCfg = Release|Any CPU
		{FE45C8ED-0AE8-43E3-B652-5404D29A8F49}.Release|x86.Build.0 = Release|Any CPU
		{A3732998-7D0D-4782-8E5D-8F4E5C67A2A2}.Debug|Any CPU.ActiveCfg = Debug|Any CPU
		{A3732998-7D0D-4782-8E5D-8F4E5C67A2A2}.Debug|Any CPU.Build.0 = Debug|Any CPU
		{A3732998-7D0D-4782-8E5D-8F4E5C67A2A2}.Debug|x64.ActiveCfg = Debug|Any CPU
		{A3732998-7D0D-4782-8E5D-8F4E5C67A2A2}.Debug|x64.Build.0 = Debug|Any CPU
		{A3732998-7D0D-4782-8E5D-8F4E5C67A2A2}.Debug|x86.ActiveCfg = Debug|Any CPU
		{A3732998-7D0D-4782-8E5D-8F4E5C67A2A2}.Debug|x86.Build.0 = Debug|Any CPU
		{A3732998-7D0D-4782-8E5D-8F4E5C67A2A2}.Release|Any CPU.ActiveCfg = Release|Any CPU
		{A3732998-7D0D-4782-8E5D-8F4E5C67A2A2}.Release|Any CPU.Build.0 = Release|Any CPU
		{A3732998-7D0D-4782-8E5D-8F4E5C67A2A2}.Release|x64.ActiveCfg = Release|Any CPU
		{A3732998-7D0D-4782-8E5D-8F4E5C67A2A2}.Release|x64.Build.0 = Release|Any CPU
		{A3732998-7D0D-4782-8E5D-8F4E5C67A2A2}.Release|x86.ActiveCfg = Release|Any CPU
		{A3732998-7D0D-4782-8E5D-8F4E5C67A2A2}.Release|x86.Build.0 = Release|Any CPU
		{B755233B-BD78-4D78-89F5-A463247D69CD}.Debug|Any CPU.ActiveCfg = Debug|Any CPU
		{B755233B-BD78-4D78-89F5-A463247D69CD}.Debug|Any CPU.Build.0 = Debug|Any CPU
		{B755233B-BD78-4D78-89F5-A463247D69CD}.Debug|x64.ActiveCfg = Debug|Any CPU
		{B755233B-BD78-4D78-89F5-A463247D69CD}.Debug|x64.Build.0 = Debug|Any CPU
		{B755233B-BD78-4D78-89F5-A463247D69CD}.Debug|x86.ActiveCfg = Debug|Any CPU
		{B755233B-BD78-4D78-89F5-A463247D69CD}.Debug|x86.Build.0 = Debug|Any CPU
		{B755233B-BD78-4D78-89F5-A463247D69CD}.Release|Any CPU.ActiveCfg = Release|Any CPU
		{B755233B-BD78-4D78-89F5-A463247D69CD}.Release|Any CPU.Build.0 = Release|Any CPU
		{B755233B-BD78-4D78-89F5-A463247D69CD}.Release|x64.ActiveCfg = Release|Any CPU
		{B755233B-BD78-4D78-89F5-A463247D69CD}.Release|x64.Build.0 = Release|Any CPU
		{B755233B-BD78-4D78-89F5-A463247D69CD}.Release|x86.ActiveCfg = Release|Any CPU
		{B755233B-BD78-4D78-89F5-A463247D69CD}.Release|x86.Build.0 = Release|Any CPU
		{578056AF-0BE2-4ABF-A662-893F9DE7DCD1}.Debug|Any CPU.ActiveCfg = Debug|Any CPU
		{578056AF-0BE2-4ABF-A662-893F9DE7DCD1}.Debug|Any CPU.Build.0 = Debug|Any CPU
		{578056AF-0BE2-4ABF-A662-893F9DE7DCD1}.Debug|x64.ActiveCfg = Debug|Any CPU
		{578056AF-0BE2-4ABF-A662-893F9DE7DCD1}.Debug|x64.Build.0 = Debug|Any CPU
		{578056AF-0BE2-4ABF-A662-893F9DE7DCD1}.Debug|x86.ActiveCfg = Debug|Any CPU
		{578056AF-0BE2-4ABF-A662-893F9DE7DCD1}.Debug|x86.Build.0 = Debug|Any CPU
		{578056AF-0BE2-4ABF-A662-893F9DE7DCD1}.Release|Any CPU.ActiveCfg = Release|Any CPU
		{578056AF-0BE2-4ABF-A662-893F9DE7DCD1}.Release|Any CPU.Build.0 = Release|Any CPU
		{578056AF-0BE2-4ABF-A662-893F9DE7DCD1}.Release|x64.ActiveCfg = Release|Any CPU
		{578056AF-0BE2-4ABF-A662-893F9DE7DCD1}.Release|x64.Build.0 = Release|Any CPU
		{578056AF-0BE2-4ABF-A662-893F9DE7DCD1}.Release|x86.ActiveCfg = Release|Any CPU
		{578056AF-0BE2-4ABF-A662-893F9DE7DCD1}.Release|x86.Build.0 = Release|Any CPU
		{84A5E3D3-228F-44AA-BEFB-5675024F5C7B}.Debug|Any CPU.ActiveCfg = Debug|Any CPU
		{84A5E3D3-228F-44AA-BEFB-5675024F5C7B}.Debug|Any CPU.Build.0 = Debug|Any CPU
		{84A5E3D3-228F-44AA-BEFB-5675024F5C7B}.Debug|x64.ActiveCfg = Debug|Any CPU
		{84A5E3D3-228F-44AA-BEFB-5675024F5C7B}.Debug|x64.Build.0 = Debug|Any CPU
		{84A5E3D3-228F-44AA-BEFB-5675024F5C7B}.Debug|x86.ActiveCfg = Debug|Any CPU
		{84A5E3D3-228F-44AA-BEFB-5675024F5C7B}.Debug|x86.Build.0 = Debug|Any CPU
		{84A5E3D3-228F-44AA-BEFB-5675024F5C7B}.Release|Any CPU.ActiveCfg = Release|Any CPU
		{84A5E3D3-228F-44AA-BEFB-5675024F5C7B}.Release|Any CPU.Build.0 = Release|Any CPU
		{84A5E3D3-228F-44AA-BEFB-5675024F5C7B}.Release|x64.ActiveCfg = Release|Any CPU
		{84A5E3D3-228F-44AA-BEFB-5675024F5C7B}.Release|x64.Build.0 = Release|Any CPU
		{84A5E3D3-228F-44AA-BEFB-5675024F5C7B}.Release|x86.ActiveCfg = Release|Any CPU
		{84A5E3D3-228F-44AA-BEFB-5675024F5C7B}.Release|x86.Build.0 = Release|Any CPU
		{083DA96A-7F64-4EB5-AEB5-3B4B454AFA97}.Debug|Any CPU.ActiveCfg = Debug|Any CPU
		{083DA96A-7F64-4EB5-AEB5-3B4B454AFA97}.Debug|Any CPU.Build.0 = Debug|Any CPU
		{083DA96A-7F64-4EB5-AEB5-3B4B454AFA97}.Debug|x64.ActiveCfg = Debug|Any CPU
		{083DA96A-7F64-4EB5-AEB5-3B4B454AFA97}.Debug|x64.Build.0 = Debug|Any CPU
		{083DA96A-7F64-4EB5-AEB5-3B4B454AFA97}.Debug|x86.ActiveCfg = Debug|Any CPU
		{083DA96A-7F64-4EB5-AEB5-3B4B454AFA97}.Debug|x86.Build.0 = Debug|Any CPU
		{083DA96A-7F64-4EB5-AEB5-3B4B454AFA97}.Release|Any CPU.ActiveCfg = Release|Any CPU
		{083DA96A-7F64-4EB5-AEB5-3B4B454AFA97}.Release|Any CPU.Build.0 = Release|Any CPU
		{083DA96A-7F64-4EB5-AEB5-3B4B454AFA97}.Release|x64.ActiveCfg = Release|Any CPU
		{083DA96A-7F64-4EB5-AEB5-3B4B454AFA97}.Release|x64.Build.0 = Release|Any CPU
		{083DA96A-7F64-4EB5-AEB5-3B4B454AFA97}.Release|x86.ActiveCfg = Release|Any CPU
		{083DA96A-7F64-4EB5-AEB5-3B4B454AFA97}.Release|x86.Build.0 = Release|Any CPU
		{84DFAC42-2BB2-49E0-AA0B-778C8161255C}.Debug|Any CPU.ActiveCfg = Debug|Any CPU
		{84DFAC42-2BB2-49E0-AA0B-778C8161255C}.Debug|Any CPU.Build.0 = Debug|Any CPU
		{84DFAC42-2BB2-49E0-AA0B-778C8161255C}.Debug|x64.ActiveCfg = Debug|Any CPU
		{84DFAC42-2BB2-49E0-AA0B-778C8161255C}.Debug|x64.Build.0 = Debug|Any CPU
		{84DFAC42-2BB2-49E0-AA0B-778C8161255C}.Debug|x86.ActiveCfg = Debug|Any CPU
		{84DFAC42-2BB2-49E0-AA0B-778C8161255C}.Debug|x86.Build.0 = Debug|Any CPU
		{84DFAC42-2BB2-49E0-AA0B-778C8161255C}.Release|Any CPU.ActiveCfg = Release|Any CPU
		{84DFAC42-2BB2-49E0-AA0B-778C8161255C}.Release|Any CPU.Build.0 = Release|Any CPU
		{84DFAC42-2BB2-49E0-AA0B-778C8161255C}.Release|x64.ActiveCfg = Release|Any CPU
		{84DFAC42-2BB2-49E0-AA0B-778C8161255C}.Release|x64.Build.0 = Release|Any CPU
		{84DFAC42-2BB2-49E0-AA0B-778C8161255C}.Release|x86.ActiveCfg = Release|Any CPU
		{84DFAC42-2BB2-49E0-AA0B-778C8161255C}.Release|x86.Build.0 = Release|Any CPU
	EndGlobalSection
	GlobalSection(SolutionProperties) = preSolution
		HideSolutionNode = FALSE
	EndGlobalSection
EndGlobal
